{
  "name": "blear.utils.version",
  "version": "1.0.0",
  "lockfileVersion": 1,
  "requires": true,
  "dependencies": {
    "blear.utils.array": {
      "version": "1.0.12",
      "resolved": "http://registry.npm.taobao.org/blear.utils.array/download/blear.utils.array-1.0.12.tgz",
      "integrity": "sha1-Yje/gLO+MTdxR9kNb63JGp/md24=",
      "requires": {
        "blear.utils.typeis": "1.0.3"
      }
    },
    "blear.utils.number": {
      "version": "1.0.3",
      "resolved": "http://registry.npm.taobao.org/blear.utils.number/download/blear.utils.number-1.0.3.tgz",
      "integrity": "sha1-xu03E8ipfTzuojaVRZMV5HxahhY=",
      "requires": {
        "blear.utils.array": "1.0.12",
        "blear.utils.typeis": "1.0.3"
      }
    },
    "blear.utils.typeis": {
      "version": "1.0.3",
      "resolved": "http://registry.npm.taobao.org/blear.utils.typeis/download/blear.utils.typeis-1.0.3.tgz",
      "integrity": "sha1-4u5r+8oHKbe1G6pZ2T1xa2jqxoY="
    }
  }
}
